Microsoft Visual Studio Solution File, Format Version 10.00
# Visual Studio 2008
Project("{FAE04EC0-301F-11D3-BF4B-00C04F79EFBC}") = "ThreadConsole1", "ThreadConsole1.csproj", "{883B9E36-2F9B-45D2-B53B-0BCE8EC9064F}"
EndProject
Global
	GlobalSection(SolutionConfigurationPlatforms) = preSolution
		Debug|Any CPU = Debug|Any CPU
		Release|Any CPU = Release|Any CPU
	EndGlobalSection
	GlobalSection(ProjectConfigurationPlatforms) = postSolution
		{883B9E36-2F9B-45D2-B53B-0BCE8EC9064F}.Debug|Any CPU.ActiveCfg = Debug|Any CPU
		{883B9E36-2F9B-45D2-B53B-0BCE8EC9064F}.Debug|Any CPU.Build.0 = Debug|Any CPU
		{883B9E36-2F9B-45D2-B53B-0BCE8EC9064F}.Release|Any CPU.ActiveCfg = Release|Any CPU
		{883B9E36-2F9B-45D2-B53B-0BCE8EC9064F}.Release|Any CPU.Build.0 = Release|Any CPU
	EndGlobalSection
	GlobalSection(SolutionProperties) = preSolution
		HideSolutionNode = FALSE
	EndGlobalSection
EndGlobal
