
Microsoft Visual Studio Solution File, Format Version 12.00
# Visual Studio 15
VisualStudioVersion = 15.0.26430.6
MinimumVisualStudioVersion = 10.0.40219.1
Project("{FAE04EC0-301F-11D3-BF4B-00C04F79EFBC}") = "memoriseWords", "memoriseWords\memoriseWords.csproj", "{070BABF5-CEB8-4747-8E7B-1CE9CFBC46C6}"
EndProject
Project("{FAE04EC0-301F-11D3-BF4B-00C04F79EFBC}") = "ShowWord", "ShowWord\ShowWord.csproj", "{18A1E1F5-E1DF-44D2-B593-B05C52B924E4}"
EndProject
Global
	GlobalSection(SolutionConfigurationPlatforms) = preSolution
		Debug|Any CPU = Debug|Any CPU
		Release|Any CPU = Release|Any CPU
	EndGlobalSection
	GlobalSection(ProjectConfigurationPlatforms) = postSolution
		{070BABF5-CEB8-4747-8E7B-1CE9CFBC46C6}.Debug|Any CPU.ActiveCfg = Debug|Any CPU
		{070BABF5-CEB8-4747-8E7B-1CE9CFBC46C6}.Debug|Any CPU.Build.0 = Debug|Any CPU
		{070BABF5-CEB8-4747-8E7B-1CE9CFBC46C6}.Release|Any CPU.ActiveCfg = Release|Any CPU
		{070BABF5-CEB8-4747-8E7B-1CE9CFBC46C6}.Release|Any CPU.Build.0 = Release|Any CPU
		{18A1E1F5-E1DF-44D2-B593-B05C52B924E4}.Debug|Any CPU.ActiveCfg = Debug|Any CPU
		{18A1E1F5-E1DF-44D2-B593-B05C52B924E4}.Debug|Any CPU.Build.0 = Debug|Any CPU
		{18A1E1F5-E1DF-44D2-B593-B05C52B924E4}.Release|Any CPU.ActiveCfg = Release|Any CPU
		{18A1E1F5-E1DF-44D2-B593-B05C52B924E4}.Release|Any CPU.Build.0 = Release|Any CPU
	EndGlobalSection
	GlobalSection(SolutionProperties) = preSolution
		HideSolutionNode = FALSE
	EndGlobalSection
EndGlobal
